version = 1
revision = 3
requires-python = ">=3.14"

[[package]]
name = "click"
version = "8.4.2"
source = { registry = "https://pypi.org/simple" }
dependencies = [
    { name = "colorama", marker = "sys_platform == 'win32'" },
]
sdist = { url = "https://files.pythonhosted.org/packages/76/d4/81420972a676e8ffea40450d8c8c92943e7218a78fe9b64359836cc9876b/click-8.4.2.tar.gz", hash = "sha256:9a6cea6e60b17ebe0a44c5cc636d94f09bd66142c1cd7d8b4cd731c4917a15f6", size = 338000, upload-time = "2026-06-24T17:45:15.148Z" }
wheels = [
    { url = "https://files.pythonhosted.org/packages/fb/e2/79c688af8b210d232694e31e59da9f6ec747bae31c3f5946e4e9b98860d5/click-8.4.2-py3-none-any.whl", hash = "sha256:e6f9f66136c816745b9d65817da91d61d957fb16e02e4dcd0552553c5a197b76", size = 119243, upload-time = "2026-06-24T17:45:13.73Z" },
]

[[package]]
name = "colorama"
version = "0.4.6"
source = { registry = "https://pypi.org/simple" }
sdist = { url = "https://files.pythonhosted.org/packages/d8/53/6f443c9a4a8358a93a6792e2acffb9d9d5cb0a5cfd8802644b7b1c9a02e4/colorama-0.4.6.tar.gz", hash = "sha256:08695f5cb7ed6e0531a20572697297273c47b8cae5a63ffc6d6ed5c201be6e44", size = 27697, upload-time = "2022-10-25T02:36:22.414Z" }
wheels = [
    { url = "https://files.pythonhosted.org/packages/d1/d6/3965ed04c63042e047cb6a3e6ed1a63a35087b6a609aa3a15ed8ac56c221/colorama-0.4.6-py2.py3-none-any.whl", hash = "sha256:4f1d9991f5acc0ca119f9d443620b77f9d6b33703e51011c16baf57afb285fc6", size = 25335, upload-time = "2022-10-25T02:36:20.889Z" },
]

[[package]]
name = "commande"
version = "0.1.0"
source = { virtual = "." }
dependencies = [
    { name = "paho-mqtt" },
    { name = "psycopg2-binary" },
]

[package.dev-dependencies]
dev = [
    { name = "click" },
    { name = "pytest" },
    { name = "sqlalchemy" },
]

[package.metadata]
requires-dist = [
    { name = "paho-mqtt", specifier = ">=1.6.1,<2.0.0" },
    { name = "psycopg2-binary", specifier = ">=2.9.6" },
]

[package.metadata.requires-dev]
dev = [
    { name = "click", specifier = ">=8.4.2" },
    { name = "pytest", specifier = ">=9.1.1" },
    { name = "sqlalchemy", specifier = ">=2.0.51" },
]

[[package]]
name = "greenlet"
version = "3.5.4"
source = { registry = "https://pypi.org/simple" }
sdist = { url = "https://files.pythonhosted.org/packages/a3/74/b13368064b09053253555d3f2839cc2684d22d5aed0d2ccffbf7a6736558/greenlet-3.5.4.tar.gz", hash = "sha256:0232ae1de90a8e07867bb127d7a6ba2301e859145489f25cda8a6096dabe1d20", size = 206538, upload-time = "2026-07-22T12:47:14.468Z" }
wheels = [
    { url = "https://files.pythonhosted.org/packages/a5/a7/6ab1d4f9cd548d15ab90da29947f2076100130bb179b0bde59f795a459e3/greenlet-3.5.4-cp314-cp314-macosx_11_0_universal2.whl", hash = "sha256:7e8afa5eac028f8140ceafe5ceec66e6aa127ddcb21452d2a564dcd2900b5f22", size = 295410, upload-time = "2026-07-22T11:40:35.747Z" },
    { url = "https://files.pythonhosted.org/packages/cd/7a/422f63b4715cbc0b24385305407adf38b48f6bb68b3e6b04090e994d0f5a/greenlet-3.5.4-cp314-cp314-manylinux_2_24_aarch64.manylinux_2_28_aarch64.whl", hash = "sha256:73b37afe369021423ea53dd3123e04bffa7e93ac64429b9f50835b2e4fcae7cf", size = 661286, upload-time = "2026-07-22T12:26:43.8Z" },
    { url = "https://files.pythonhosted.org/packages/d0/31/5a1cac663bf5582190c5a714ef81364f03cde232227f39748f8ae4c11da5/greenlet-3.5.4-cp314-cp314-manylinux_2_24_ppc64le.manylinux_2_28_ppc64le.whl", hash = "sha256:3ef964f56dfcb6f9bbef2a190d9126795eac408716aeae47b5e7c73c32aafca9", size = 673517, upload-time = "2026-07-22T12:29:04.815Z" },
    { url = "https://files.pythonhosted.org/packages/15/4a/2a82a1e3f8aaca020853ac8d12211280ca2b231aa08ea39f636f1060c319/greenlet-3.5.4-cp314-cp314-manylinux_2_24_x86_64.manylinux_2_28_x86_64.whl", hash = "sha256:9c53ff01a5c53a40f2c16820ebc56d7c61a77f5fbe009dadd96292d5682f80f8", size = 670917, upload-time = "2026-07-22T11:51:13.589Z" },
    { url = "https://files.pythonhosted.org/packages/68/b0/e379a152b17bfdfa95795af4049e37c0fd1b4d81f020d426db104ed07c77/greenlet-3.5.4-cp314-cp314-musllinux_1_2_aarch64.whl", hash = "sha256:ecca4d80d55a01ad6b23b33262662956149fbb7b2c6be2910f1705921958cbf3", size = 1628478, upload-time = "2026-07-22T12:25:06.678Z" },
    { url = "https://files.pythonhosted.org/packages/5e/43/bffdfa64f7317f954c5c1230b5dd5922676ce198689a68c1ac1ed4b1b1a5/greenlet-3.5.4-cp314-cp314-musllinux_1_2_x86_64.whl", hash = "sha256:2ffbc533e0eaf8e80d8471411646ab88fe58f641d508c0b02b24494479f4d9ec", size = 1692021, upload-time = "2026-07-22T11:51:17.008Z" },
    { url = "https://files.pythonhosted.org/packages/d0/11/f799f9637e2c6e9b0b716015e339040598b058cf7654dfc0d67468b177ed/greenlet-3.5.4-cp314-cp314-win_amd64.whl", hash = "sha256:305f69e6c4523d7f6979ed001cff4e5853c063e5da04880296603aa0227e544c", size = 248031, upload-time = "2026-07-22T11:40:11.007Z" },
    { url = "https://files.pythonhosted.org/packages/05/75/625bcdd74d5e6b2dca1ecba3c3ac77bcf8a026c21a649a46cef23e421f97/greenlet-3.5.4-cp314-cp314-win_arm64.whl", hash = "sha256:f260930bbbbcf9caee661211235a5111c86dfe5832fdf6ae4570da1e0995320f", size = 246892, upload-time = "2026-07-22T11:40:27.357Z" },
    { url = "https://files.pythonhosted.org/packages/ec/69/35c62ed49c320cb4d98e14698ccca5467d3bfe683984172be9cb564d9ce3/greenlet-3.5.4-cp314-cp314t-macosx_11_0_universal2.whl", hash = "sha256:41ddab54e4b238f4a6c323f39b4e59e176affd5a94d461a9fb7583dac74240a3", size = 305571, upload-time = "2026-07-22T11:40:31.659Z" },
    { url = "https://files.pythonhosted.org/packages/5b/6c/64d60216b3640dcb0b62d913dd9e0d80030c09115bb2e4ba70c95d10ca45/greenlet-3.5.4-cp314-cp314t-manylinux_2_24_aarch64.manylinux_2_28_aarch64.whl", hash = "sha256:b3dabe3e2809013052c68bdf0b7fa5f5f2859c43a80803131ad61af9cabd7867", size = 672568, upload-time = "2026-07-22T12:26:45.298Z" },
    { url = "https://files.pythonhosted.org/packages/5c/de/ba3ab0a96292e53039530333b0d2ae18d9e508f3a325cd7bf15f8172944c/greenlet-3.5.4-cp314-cp314t-manylinux_2_24_ppc64le.manylinux_2_28_ppc64le.whl", hash = "sha256:27d3f00718634d4520a3a150154ac5da36f257869d41321953375b90bfbbc72c", size = 680076, upload-time = "2026-07-22T12:29:06.125Z" },
    { url = "https://files.pythonhosted.org/packages/a5/be/aeada79083c6f1c15f45d77a332f9c441af263ee298e3eb17522cd337d22/greenlet-3.5.4-cp314-cp314t-manylinux_2_24_x86_64.manylinux_2_28_x86_64.whl", hash = "sha256:cbd60b5763c6543c1827e48faaf14ea9bfbad245f52b1a4d76a2a2d8884c6c66", size = 676733, upload-time = "2026-07-22T11:51:16.027Z" },
    { url = "https://files.pythonhosted.org/packages/e9/10/2392fc3a98948652ef5fd1e7275c04f861dd13f74b78a2b4309f4ee4d090/greenlet-3.5.4-cp314-cp314t-musllinux_1_2_aarch64.whl", hash = "sha256:f00f910f0e7b35416c63b23ad78b769aeccfc1775f712b43c4ee525624a2eef7", size = 1637327, upload-time = "2026-07-22T12:25:07.879Z" },
    { url = "https://files.pythonhosted.org/packages/55/c6/e7237a3dfa1f205ed0d9ea1e46d70bd2811b32d516266399fb59d28ab90a/greenlet-3.5.4-cp314-cp314t-musllinux_1_2_x86_64.whl", hash = "sha256:91c26423753b92caf41ab3f98fd547d7374d4d9fc2d85be041886c1579d9255e", size = 1697493, upload-time = "2026-07-22T11:51:19.214Z" },
    { url = "https://files.pythonhosted.org/packages/55/e3/4ba8154ba2a3d43729e499f72471b4b5c993f3826d3e24da81d5f06d6572/greenlet-3.5.4-cp314-cp314t-win_amd64.whl", hash = "sha256:ee032b91fd8ec29ec6c4cea2b8c561b178435134bd0752c7334b94e9c736c132", size = 251637, upload-time = "2026-07-22T11:40:37.44Z" },
    { url = "https://files.pythonhosted.org/packages/90/03/e3f96dfc100261a29545ddc8270cafe58f9195b6651466910e820910de77/greenlet-3.5.4-cp315-cp315-macosx_11_0_universal2.whl", hash = "sha256:178111881dd7a6c946471fda85485ec796e1043c2b939f694b096e2ecf986809", size = 296076, upload-time = "2026-07-22T11:39:38.364Z" },
    { url = "https://files.pythonhosted.org/packages/a4/3d/da52d208e5c977bce8667e784729e584e38b5785f4c1ec0f4c836e9a1c42/greenlet-3.5.4-cp315-cp315-manylinux_2_24_aarch64.manylinux_2_28_aarch64.whl", hash = "sha256:d92df08dd65fede97fc37aad36c2e9dcda3b31c467f8e0c2c096456cb818e927", size = 666870, upload-time = "2026-07-22T12:26:46.691Z" },
    { url = "https://files.pythonhosted.org/packages/2d/8a/7e6dee25cb8a8cf9b362c8e597cc269593378bd916f16c736c059a52e85a/greenlet-3.5.4-cp315-cp315-manylinux_2_24_ppc64le.manylinux_2_28_ppc64le.whl", hash = "sha256:99e8f8c4ebc4fd80aa26c1280ae9ad43a0976e786349703a181cf0bae60413e5", size = 677678, upload-time = "2026-07-22T12:29:07.508Z" },
    { url = "https://files.pythonhosted.org/packages/6c/21/5a38699fa45de749e3857d93b8f07e4c20489e77c2d35d915a2e1c456606/greenlet-3.5.4-cp315-cp315-manylinux_2_24_x86_64.manylinux_2_28_x86_64.whl", hash = "sha256:394de08dad5ffcb1f50c2159d93e398d9d2da3ed437645eaa54771fa720db9f0", size = 676067, upload-time = "2026-07-22T11:51:18.163Z" },
    { url = "https://files.pythonhosted.org/packages/5e/ba/863116ab8ff1ca7a729e327800268939d182db47aa433db70e216e7d9194/greenlet-3.5.4-cp315-cp315-musllinux_1_2_aarch64.whl", hash = "sha256:c883d61f2282d72c767a14936641b3efcbde9d82f1080712aaea0b1d3126cb88", size = 1633489, upload-time = "2026-07-22T12:25:09.605Z" },
    { url = "https://files.pythonhosted.org/packages/fa/06/7466ced82818d6132462d7f26b3f83c66ea15d2b193a6c0088d558ed7d95/greenlet-3.5.4-cp315-cp315-musllinux_1_2_x86_64.whl", hash = "sha256:2a924f15d17957e252a810acefcb5942f5ca712298e8b6fcaed9a307d357522c", size = 1696584, upload-time = "2026-07-22T11:51:21.304Z" },
    { url = "https://files.pythonhosted.org/packages/f9/4d/55b638489260065de9ffce606c8b5d04507bef705de4b212a0c3d6a1a0df/greenlet-3.5.4-cp315-cp315-win_amd64.whl", hash = "sha256:ed17e5f3420360d5b459de8462efb52060399a5326a613d4cde31cef63ef95da", size = 248297, upload-time = "2026-07-22T11:42:04.055Z" },
    { url = "https://files.pythonhosted.org/packages/bb/08/9dd4ae635da93d41dc268bc34bd62a9d711ed8b8825c5d22ac910c7d6e6d/greenlet-3.5.4-cp315-cp315-win_arm64.whl", hash = "sha256:f908898d6fa484ce4b6f447ce70ea99b52c503fee419e53cf74d60a16bc9e667", size = 247423, upload-time = "2026-07-22T11:44:00.764Z" },
    { url = "https://files.pythonhosted.org/packages/19/66/7c87ed9cdbf1d49c2c6cd1c7b9dd4d16c33b24235ca03972293a1876b30c/greenlet-3.5.4-cp315-cp315t-macosx_11_0_universal2.whl", hash = "sha256:1833637f17d5e7472548a48575c394fe39f1b1890d676d162d86593610f44d8c", size = 306487, upload-time = "2026-07-22T11:41:25.118Z" },
    { url = "https://files.pythonhosted.org/packages/5b/05/0a4201e7c0054866eefc05da234f236dd4c950d0fbf9ca0517141f01b269/greenlet-3.5.4-cp315-cp315t-manylinux_2_24_aarch64.manylinux_2_28_aarch64.whl", hash = "sha256:12cda9122e03341f1cb6b8207a19d7a9d375e52f1b4e9243918375f40fd7b4b9", size = 676479, upload-time = "2026-07-22T12:26:48.129Z" },
    { url = "https://files.pythonhosted.org/packages/3d/c0/4b6b8c5a3aec70f0649cd89662d120fdd6421e2bdc8e3b15c3ab5ec568d8/greenlet-3.5.4-cp315-cp315t-manylinux_2_24_ppc64le.manylinux_2_28_ppc64le.whl", hash = "sha256:d83ae0e32d14957ab7170785a20f582635c8474deab1bfbb552b17e769a6ce25", size = 684321, upload-time = "2026-07-22T12:29:08.925Z" },
    { url = "https://files.pythonhosted.org/packages/24/c9/b49c31c9a972eee91e260445770e922244a7efc542697f51a012ec046d0f/greenlet-3.5.4-cp315-cp315t-manylinux_2_24_x86_64.manylinux_2_28_x86_64.whl", hash = "sha256:9f1467de1bb767f75db0aa34c195e3a496d8d1278c796e70c24ce205d3e99cde", size = 681293, upload-time = "2026-07-22T11:51:20.43Z" },
    { url = "https://files.pythonhosted.org/packages/95/6f/7f2d4653770500eee667866016d42d7a68e3d3462f80df6b8e3fcd48a0eb/greenlet-3.5.4-cp315-cp315t-musllinux_1_2_aarch64.whl", hash = "sha256:0fa53040b78b578120eecdc0265e3f1051487cc425d11a2b7c761daadf4feaa8", size = 1642474, upload-time = "2026-07-22T12:25:10.819Z" },
    { url = "https://files.pythonhosted.org/packages/5a/d8/8cba31036a4caae448087ba5d150660ab03b4a0f54d9150f6495a3be7262/greenlet-3.5.4-cp315-cp315t-musllinux_1_2_x86_64.whl", hash = "sha256:60e0bc961d367df506660e9ac0177a76bc6d81305300704b0977d1634f76efe2", size = 1701012, upload-time = "2026-07-22T11:51:23.17Z" },
    { url = "https://files.pythonhosted.org/packages/e3/cd/3f77a4cce3bae631b08eb52f53a82a976669600337e21dfdba811cb50267/greenlet-3.5.4-cp315-cp315t-win_amd64.whl", hash = "sha256:f680e549edb3eaf21eea4e7fe101e15ec180c74b7879ab46adc080f22d4015d2", size = 251977, upload-time = "2026-07-22T11:41:38.125Z" },
    { url = "https://files.pythonhosted.org/packages/93/e8/65e8707d00fe2a49bf12f609a9b2b39ba6dd23c2810eacad877c4fc94bfe/greenlet-3.5.4-cp315-cp315t-win_arm64.whl", hash = "sha256:08fc36de8442d5c3e95b044550dbea9bf144d31ec0cc58e36fb241cb6ef6a994", size = 250538, upload-time = "2026-07-22T11:40:17.985Z" },
]

[[package]]
name = "iniconfig"
version = "2.3.0"
source = { registry = "https://pypi.org/simple" }
sdist = { url = "https://files.pythonhosted.org/packages/72/34/14ca021ce8e5dfedc35312d08ba8bf51fdd999c576889fc2c24cb97f4f10/iniconfig-2.3.0.tar.gz", hash = "sha256:c76315c77db068650d49c5b56314774a7804df16fee4402c1f19d6d15d8c4730", size = 20503, upload-time = "2025-10-18T21:55:43.219Z" }
wheels = [
    { url = "https://files.pythonhosted.org/packages/cb/b1/3846dd7f199d53cb17f49cba7e651e9ce294d8497c8c150530ed11865bb8/iniconfig-2.3.0-py3-none-any.whl", hash = "sha256:f631c04d2c48c52b84d0d0549c99ff3859c98df65b3101406327ecc7d53fbf12", size = 7484, upload-time = "2025-10-18T21:55:41.639Z" },
]

[[package]]
name = "packaging"
version = "26.2"
source = { registry = "https://pypi.org/simple" }
sdist = { url = "https://files.pythonhosted.org/packages/d7/f1/e7a6dd94a8d4a5626c03e4e99c87f241ba9e350cd9e6d75123f992427270/packaging-26.2.tar.gz", hash = "sha256:ff452ff5a3e828ce110190feff1178bb1f2ea2281fa2075aadb987c2fb221661", size = 228134, upload-time = "2026-04-24T20:15:23.917Z" }
wheels = [
    { url = "https://files.pythonhosted.org/packages/df/b2/87e62e8c3e2f4b32e5fe99e0b86d576da1312593b39f47d8ceef365e95ed/packaging-26.2-py3-none-any.whl", hash = "sha256:5fc45236b9446107ff2415ce77c807cee2862cb6fac22b8a73826d0693b0980e", size = 100195, upload-time = "2026-04-24T20:15:22.081Z" },
]

[[package]]
name = "paho-mqtt"
version = "1.6.1"
source = { registry = "https://pypi.org/simple" }
sdist = { url = "https://files.pythonhosted.org/packages/f8/dd/4b75dcba025f8647bc9862ac17299e0d7d12d3beadbf026d8c8d74215c12/paho-mqtt-1.6.1.tar.gz", hash = "sha256:2a8291c81623aec00372b5a85558a372c747cbca8e9934dfe218638b8eefc26f", size = 99373, upload-time = "2021-10-21T10:33:59.864Z" }

[[package]]
name = "pluggy"
version = "1.6.0"
source = { registry = "https://pypi.org/simple" }
sdist = { url = "https://files.pythonhosted.org/packages/f9/e2/3e91f31a7d2b083fe6ef3fa267035b518369d9511ffab804f839851d2779/pluggy-1.6.0.tar.gz", hash = "sha256:7dcc130b76258d33b90f61b658791dede3486c3e6bfb003ee5c9bfb396dd22f3", size = 69412, upload-time = "2025-05-15T12:30:07.975Z" }
wheels = [
    { url = "https://files.pythonhosted.org/packages/54/20/4d324d65cc6d9205fabedc306948156824eb9f0ee1633355a8f7ec5c66bf/pluggy-1.6.0-py3-none-any.whl", hash = "sha256:e920276dd6813095e9377c0bc5566d94c932c33b27a3e3945d8389c374dd4746", size = 20538, upload-time = "2025-05-15T12:30:06.134Z" },
]

[[package]]
name = "psycopg2-binary"
version = "2.9.12"
source = { registry = "https://pypi.org/simple" }
sdist = { url = "https://files.pythonhosted.org/packages/2a/60/a3624f79acea344c16fbef3a94d28b89a8042ddfb8f3e4ca83f538671409/psycopg2_binary-2.9.12.tar.gz", hash = "sha256:5ac9444edc768c02a6b6a591f070b8aae28ff3a99be57560ac996001580f294c", size = 379686, upload-time = "2026-04-21T09:40:34.304Z" }
wheels = [
    { url = "https://files.pythonhosted.org/packages/13/1b/708c0dca874acfad6d65314271859899a79007686f3a1f74e82a2ed4b645/psycopg2_binary-2.9.12-cp314-cp314-macosx_10_15_x86_64.whl", hash = "sha256:6f3b3de8a74ef8db215f22edffb19e32dc6fa41340456de7ec99efdc8a7b3ec2", size = 3712428, upload-time = "2026-04-20T23:35:23.453Z" },
    { url = "https://files.pythonhosted.org/packages/d6/39/ddbea9d4b4de6aca9431b6ed253f530f8a02d3b8f9bcfd0dbfe2b3de6fe4/psycopg2_binary-2.9.12-cp314-cp314-macosx_11_0_arm64.whl", hash = "sha256:1006fb62f0f0bc5ce256a832356c6262e91be43f5e4eb15b5eaf38079464caf2", size = 3823184, upload-time = "2026-04-20T23:35:25.92Z" },
    { url = "https://files.pythonhosted.org/packages/bf/a0/bc2fef74b106fa345567122a0659e6d94512ed7dc0131ec44c9e5aba3725/psycopg2_binary-2.9.12-cp314-cp314-manylinux2014_ppc64le.manylinux_2_17_ppc64le.whl", hash = "sha256:840066105706cd2eb29b9a1c2329620056582a4bf3e8169dec5c447042d0869f", size = 4579157, upload-time = "2026-04-20T23:35:28.542Z" },
    { url = "https://files.pythonhosted.org/packages/57/d7/d4e3b2005d3de607ca4fbb0e8742e248056e52184a6b94ebda3c1c2c329b/psycopg2_binary-2.9.12-cp314-cp314-manylinux2014_x86_64.manylinux_2_17_x86_64.whl", hash = "sha256:863f5d12241ebe1c76a72a04c2113b6dc905f90b9cef0e9be0efd994affd9354", size = 4274970, upload-time = "2026-04-20T23:35:30.418Z" },
    { url = "https://files.pythonhosted.org/packages/2e/42/c9853f8db3967fe08bcde11f53d53b85d351750cae726ce001cb68afa9c1/psycopg2_binary-2.9.12-cp314-cp314-manylinux_2_27_aarch64.manylinux_2_28_aarch64.whl", hash = "sha256:a99eaab34a9010f1a086b126de467466620a750634d114d20455f3a824aae033", size = 5895175, upload-time = "2026-04-20T23:35:33.584Z" },
    { url = "https://files.pythonhosted.org/packages/eb/fd/b82b5601a97630308bef079f545ffec481bbbc795c2ba5ec416a01d03f60/psycopg2_binary-2.9.12-cp314-cp314-manylinux_2_38_riscv64.manylinux_2_39_riscv64.whl", hash = "sha256:ffdd7dc5463ccd61845ac37b7012d0f35a1548df9febe14f8dd549be4a0bc81e", size = 4110658, upload-time = "2026-04-20T23:35:35.638Z" },
    { url = "https://files.pythonhosted.org/packages/62/8c/32ca69b0389ef25dd22937bf9e8fbe2ce27aea20b05ded48c4ce4cb42475/psycopg2_binary-2.9.12-cp314-cp314-musllinux_1_2_aarch64.whl", hash = "sha256:54a0dfecab1b48731f934e06139dfe11e24219fb6d0ceb32177cf0375f14c7b5", size = 3656251, upload-time = "2026-04-20T23:35:37.854Z" },
    { url = "https://files.pythonhosted.org/packages/c4/29/96992a2b59e3b9d730fcf9612d0a387305025dc867a9fc490a9e496e074e/psycopg2_binary-2.9.12-cp314-cp314-musllinux_1_2_ppc64le.whl", hash = "sha256:96937c9c5d891f772430f418a7a8b4691a90c3e6b93cf72b5bd7cad8cbca32a5", size = 3301810, upload-time = "2026-04-20T23:35:39.927Z" },
    { url = "https://files.pythonhosted.org/packages/56/ad/44b06659949b243ae10112cd3b20a197f9bf3e81d5651379b9eb889bfaad/psycopg2_binary-2.9.12-cp314-cp314-musllinux_1_2_riscv64.whl", hash = "sha256:77b348775efd4cdab410ec6609d81ccecd1139c90265fa583a7255c8064bc03d", size = 3048977, upload-time = "2026-04-20T23:35:41.806Z" },
    { url = "https://files.pythonhosted.org/packages/1d/f2/10a1bcebadb6aa55e280e1f58975c36a7b560ea525184c7aa4064c466633/psycopg2_binary-2.9.12-cp314-cp314-musllinux_1_2_x86_64.whl", hash = "sha256:527e6342b3e44c2f0544f6b8e927d60de7f163f5723b8f1dfa7d2a84298738cd", size = 3351466, upload-time = "2026-04-20T23:35:43.993Z" },
    { url = "https://files.pythonhosted.org/packages/20/be/b732c8418ffa5bcfda002890f5dc4c869fc17db66ff11f53b17cfe44afc0/psycopg2_binary-2.9.12-cp314-cp314-win_amd64.whl", hash = "sha256:f12ae41fcafadb39b2785e64a40f9db05d6de2ac114077457e0e7c597f3af980", size = 2848762, upload-time = "2026-04-20T23:35:46.421Z" },
]

[[package]]
name = "pygments"
version = "2.20.0"
source = { registry = "https://pypi.org/simple" }
sdist = { url = "https://files.pythonhosted.org/packages/c3/b2/bc9c9196916376152d655522fdcebac55e66de6603a76a02bca1b6414f6c/pygments-2.20.0.tar.gz", hash = "sha256:6757cd03768053ff99f3039c1a36d6c0aa0b263438fcab17520b30a303a82b5f", size = 4955991, upload-time = "2026-03-29T13:29:33.898Z" }
wheels = [
    { url = "https://files.pythonhosted.org/packages/f4/7e/a72dd26f3b0f4f2bf1dd8923c85f7ceb43172af56d63c7383eb62b332364/pygments-2.20.0-py3-none-any.whl", hash = "sha256:81a9e26dd42fd28a23a2d169d86d7ac03b46e2f8b59ed4698fb4785f946d0176", size = 1231151, upload-time = "2026-03-29T13:29:30.038Z" },
]

[[package]]
name = "pytest"
version = "9.1.1"
source = { registry = "https://pypi.org/simple" }
dependencies = [
    { name = "colorama", marker = "sys_platform == 'win32'" },
    { name = "iniconfig" },
    { name = "packaging" },
    { name = "pluggy" },
    { name = "pygments" },
]
sdist = { url = "https://files.pythonhosted.org/packages/e4/47/b9efed96c114afcfa3c9d3fe98a76a1d14c74a9e266d397cf6eb64be5e01/pytest-9.1.1.tar.gz", hash = "sha256:1088fbde8f2b49d95a549a195707afa7a76a3ce9bcadc26b6d71f0ffda5fe313", size = 1636369, upload-time = "2026-06-19T10:58:32.857Z" }
wheels = [
    { url = "https://files.pythonhosted.org/packages/24/25/1de2678b631f5a49215c6c96fff41ba892b0a34df68d6d80292b1b48aa7f/pytest-9.1.1-py3-none-any.whl", hash = "sha256:37a86b45efb9a47a61a36449063e8e18d0cab3161329fc099eb21783169c4f0c", size = 386536, upload-time = "2026-06-19T10:58:31.347Z" },
]

[[package]]
name = "sqlalchemy"
version = "2.0.51"
source = { registry = "https://pypi.org/simple" }
dependencies = [
    { name = "greenlet", marker = "platform_machine == 'AMD64' or platform_machine == 'WIN32' or platform_machine == 'aarch64' or platform_machine == 'amd64' or platform_machine == 'ppc64le' or platform_machine == 'win32' or platform_machine == 'x86_64'" },
    { name = "typing-extensions" },
]
sdist = { url = "https://files.pythonhosted.org/packages/02/f1/a7a892f18d4d224e6b26f706531eafccc41e37594d37d304786969ee13cb/sqlalchemy-2.0.51.tar.gz", hash = "sha256:804dccd8a4a6242c4e30ad961e540e18a588f6527202f2d6791b01845d59fdc9", size = 9912201, upload-time = "2026-06-15T15:41:20.012Z" }
wheels = [
    { url = "https://files.pythonhosted.org/packages/b1/49/a739be2e1d02a96a658eb71ab45d921c874249252358ad24a5bffdd02525/sqlalchemy-2.0.51-cp314-cp314-macosx_11_0_arm64.whl", hash = "sha256:6ea306caaae6bd5afd0a46050003c88f6bf33227377a49298c498c3cb88ff491", size = 2158999, upload-time = "2026-06-15T16:08:51.759Z" },
    { url = "https://files.pythonhosted.org/packages/23/6b/2e0e38cf75c8780eca78d9b2e78164f8bcfd70125e5caa588ff5cbb9c9f4/sqlalchemy-2.0.51-cp314-cp314-manylinux2014_aarch64.manylinux_2_17_aarch64.manylinux_2_28_aarch64.whl", hash = "sha256:c45a496d6bc05dec41dcd4c3a2b183723f47473255c159cd80b503c8f246424d", size = 3282539, upload-time = "2026-06-15T16:19:51.065Z" },
    { url = "https://files.pythonhosted.org/packages/dd/a1/e77854cb5336fd37dc3c6ae3b71de242c98caac5725120be0b526b31cbd0/sqlalchemy-2.0.51-cp314-cp314-manylinux2014_x86_64.manylinux_2_17_x86_64.manylinux_2_28_x86_64.whl", hash = "sha256:4004ada0aafe8ae1991b2cd1d99c6d9146126e123bd6f883c260d974aa012e54", size = 3287545, upload-time = "2026-06-15T16:26:44.735Z" },
    { url = "https://files.pythonhosted.org/packages/f6/ab/9e17272fd4dac8df3b83c4fbe52b998a1c9d89a843c8c35ff29b74ff7364/sqlalchemy-2.0.51-cp314-cp314-musllinux_1_2_aarch64.whl", hash = "sha256:0f6bcad487aee1c638d707235682fc96f741de00663619881ab235400d03289e", size = 3230929, upload-time = "2026-06-15T16:19:52.625Z" },
    { url = "https://files.pythonhosted.org/packages/02/3c/52f408ea701781caee975606beccc48845f2aee8711ac29843d612c0306c/sqlalchemy-2.0.51-cp314-cp314-musllinux_1_2_x86_64.whl", hash = "sha256:39a76529db6305693d8d4affa58ad5b5e2e18edd62daea628b29b97930b3513d", size = 3252888, upload-time = "2026-06-15T16:26:46.454Z" },
    { url = "https://files.pythonhosted.org/packages/24/16/3efd2ee6bc4ca4693a30a1dd17a91b606cae15d517d2a4746611d9b73ce8/sqlalchemy-2.0.51-cp314-cp314-win32.whl", hash = "sha256:08a204d8b5638717c26a24df18fcf40af45a6b22e35b70b1d62f0113c2e278e8", size = 2120551, upload-time = "2026-06-15T16:23:15.629Z" },
    { url = "https://files.pythonhosted.org/packages/7b/78/55b12e70f45bccc40d9e483925c065027b3b98ea4cbbdf6f8c2546feaf6c/sqlalchemy-2.0.51-cp314-cp314-win_amd64.whl", hash = "sha256:96747bfbadb055466e5b46d572618170046b45ce5a4879167f50d70a5319a499", size = 2146318, upload-time = "2026-06-15T16:23:17.108Z" },
    { url = "https://files.pythonhosted.org/packages/21/db/a9574ed40fed418924b1b1a3e54f47ee3963053b3d3d325a0d36b41f2c08/sqlalchemy-2.0.51-cp314-cp314t-macosx_11_0_arm64.whl", hash = "sha256:e5ea1a213be1fcd5e49d9904c3b9939211ded90bc2a64e93f4c01963474285de", size = 2178920, upload-time = "2026-06-15T15:59:56.285Z" },
    { url = "https://files.pythonhosted.org/packages/bf/90/a1bb5c7cbba76b7bc1fbd586d0a5479a7bc9c27b4a8298f22ec9423b2bb3/sqlalchemy-2.0.51-cp314-cp314t-manylinux2014_aarch64.manylinux_2_17_aarch64.manylinux_2_28_aarch64.whl", hash = "sha256:7c6b36ed71f41942bdcd2ad2522be46bfce09d5705be5640ecf19bbc7660e4b7", size = 3566534, upload-time = "2026-06-15T15:58:35.024Z" },
    { url = "https://files.pythonhosted.org/packages/15/4b/481f1fed30e0e9e8dd24aecbb49f29eb57fe7657ece5cf06ee9b84bb97d8/sqlalchemy-2.0.51-cp314-cp314t-manylinux2014_x86_64.manylinux_2_17_x86_64.manylinux_2_28_x86_64.whl", hash = "sha256:0c2c62877097e1a0db401fba5cb4debee33265e5b2a55c4ccb489c02c53b4f72", size = 3535844, upload-time = "2026-06-15T16:02:43.973Z" },
    { url = "https://files.pythonhosted.org/packages/02/71/0aa64aeda645510af0a43f7d9ee70932f0d1dc4263aed34c50ee891d9df3/sqlalchemy-2.0.51-cp314-cp314t-musllinux_1_2_aarch64.whl", hash = "sha256:0378d055e9e8cd6ce4d8dff683bdd3d7d413533c4ee51d67a2b1e0f9eacc0f23", size = 3475355, upload-time = "2026-06-15T15:58:36.592Z" },
    { url = "https://files.pythonhosted.org/packages/05/db/6061db32316446135a3abae5f308d144ab988a34234726042da3e58b1c63/sqlalchemy-2.0.51-cp314-cp314t-musllinux_1_2_x86_64.whl", hash = "sha256:6e46fc36029eff666391e0531e5387b62ce6c4f1d8e50b3fb3099eaca1b42522", size = 3486591, upload-time = "2026-06-15T16:02:45.346Z" },
    { url = "https://files.pythonhosted.org/packages/0d/c9/f14fdf71bb8957e0c7e39db69bbdf12b5c80f4ef775fdfa127bf4e0d6760/sqlalchemy-2.0.51-cp314-cp314t-win32.whl", hash = "sha256:9161cfc9efce70d1715f47d6ff40f79c6778c00d53be4fbc09d70301e4b83ba7", size = 2151313, upload-time = "2026-06-15T16:03:39.127Z" },
    { url = "https://files.pythonhosted.org/packages/6a/c6/673e618e6f4f297e126d9b56ea2f6478708f6c1af4e3223835c22e2c3697/sqlalchemy-2.0.51-cp314-cp314t-win_amd64.whl", hash = "sha256:159bb6ba32059f57ad7375a8f50d844dd2f19d14954ecf820cd33e20debd46b2", size = 2186280, upload-time = "2026-06-15T16:03:40.569Z" },
    { url = "https://files.pythonhosted.org/packages/e2/22/dbf013a12ec759e54a34a119e9e217435b3f71b2dd5c61a7ade0a25dae87/sqlalchemy-2.0.51-py3-none-any.whl", hash = "sha256:bb024d8b621d0be75f4f44ecc7c950450026e76d66dc8f791bb5331d7fed59d5", size = 1944334, upload-time = "2026-06-15T16:09:22.418Z" },
]

[[package]]
name = "typing-extensions"
version = "4.16.0"
source = { registry = "https://pypi.org/simple" }
sdist = { url = "https://files.pythonhosted.org/packages/f6/cc/6253133b5bb138fc3306cebfbda2c520f545d36b5be2c7255cc528bb45d6/typing_extensions-4.16.0.tar.gz", hash = "sha256:dc983d19a509c94dba722ee6abd33940f7c05a89e243c47e907eb4db6f1a43e5", size = 113555, upload-time = "2026-07-02T08:40:05.92Z" }
wheels = [
    { url = "https://files.pythonhosted.org/packages/49/d3/b8441a820a491ddfc024b0b0cf0393375b75ea13866d9c66727e54c2fc80/typing_extensions-4.16.0-py3-none-any.whl", hash = "sha256:481caa481374e813c1b176ada14e97f1f67a4539ce9cfeb3f350d78d6370c2e8", size = 45571, upload-time = "2026-07-02T08:40:04.659Z" },
]
